
Microsoft Visual Studio Solution File, Format Version 12.00
# Visual Studio Version 17
VisualStudioVersion = 17.13.35825.156
MinimumVisualStudioVersion = 10.0.40219.1
Project("{FAE04EC0-301F-11D3-BF4B-00C04F79EFBC}") = "Mercerie", "Mercerie\Mercerie.csproj", "{594CA13D-AF82-4841-85B2-0DC459A3CA1B}"
EndProject
Project("{FAE04EC0-301F-11D3-BF4B-00C04F79EFBC}") = "EvidentaMercerie", "EvidentaMercerie\EvidentaMercerie.csproj", "{DD4B5494-27B1-4CE2-86B9-6A5346201AEA}"
EndProject
Project("{FAE04EC0-301F-11D3-BF4B-00C04F79EFBC}") = "NivelStocareDate", "NivelStocareDate\NivelStocareDate.csproj", "{9980E1F4-50CE-4FA7-A360-103AE9A25CF6}"
EndProject
Project("{FAE04EC0-301F-11D3-BF4B-00C04F79EFBC}") = "InterfataUtilizator_WindowsForms", "InterfataUtilizator_WindowsForms\InterfataUtilizator_WindowsForms.csproj", "{FCDEA36B-3C32-482E-8EAC-91983AEB3327}"
EndProject
Global
	GlobalSection(SolutionConfigurationPlatforms) = preSolution
		Debug|Any CPU = Debug|Any CPU
		Release|Any CPU = Release|Any CPU
	EndGlobalSection
	GlobalSection(ProjectConfigurationPlatforms) = postSolution
		{594CA13D-AF82-4841-85B2-0DC459A3CA1B}.Debug|Any CPU.ActiveCfg = Debug|Any CPU
		{594CA13D-AF82-4841-85B2-0DC459A3CA1B}.Debug|Any CPU.Build.0 = Debug|Any CPU
		{594CA13D-AF82-4841-85B2-0DC459A3CA1B}.Release|Any CPU.ActiveCfg = Release|Any CPU
		{594CA13D-AF82-4841-85B2-0DC459A3CA1B}.Release|Any CPU.Build.0 = Release|Any CPU
		{DD4B5494-27B1-4CE2-86B9-6A5346201AEA}.Debug|Any CPU.ActiveCfg = Debug|Any CPU
		{DD4B5494-27B1-4CE2-86B9-6A5346201AEA}.Debug|Any CPU.Build.0 = Debug|Any CPU
		{DD4B5494-27B1-4CE2-86B9-6A5346201AEA}.Release|Any CPU.ActiveCfg = Release|Any CPU
		{DD4B5494-27B1-4CE2-86B9-6A5346201AEA}.Release|Any CPU.Build.0 = Release|Any CPU
		{9980E1F4-50CE-4FA7-A360-103AE9A25CF6}.Debug|Any CPU.ActiveCfg = Debug|Any CPU
		{9980E1F4-50CE-4FA7-A360-103AE9A25CF6}.Debug|Any CPU.Build.0 = Debug|Any CPU
		{9980E1F4-50CE-4FA7-A360-103AE9A25CF6}.Release|Any CPU.ActiveCfg = Release|Any CPU
		{9980E1F4-50CE-4FA7-A360-103AE9A25CF6}.Release|Any CPU.Build.0 = Release|Any CPU
		{FCDEA36B-3C32-482E-8EAC-91983AEB3327}.Debug|Any CPU.ActiveCfg = Debug|Any CPU
		{FCDEA36B-3C32-482E-8EAC-91983AEB3327}.Debug|Any CPU.Build.0 = Debug|Any CPU
		{FCDEA36B-3C32-482E-8EAC-91983AEB3327}.Release|Any CPU.ActiveCfg = Release|Any CPU
		{FCDEA36B-3C32-482E-8EAC-91983AEB3327}.Release|Any CPU.Build.0 = Release|Any CPU
	EndGlobalSection
	GlobalSection(SolutionProperties) = preSolution
		HideSolutionNode = FALSE
	EndGlobalSection
	GlobalSection(ExtensibilityGlobals) = postSolution
		SolutionGuid = {D8882B55-8963-4546-999D-A1931F0ED69D}
	EndGlobalSection
EndGlobal
